PODS:
  - Alamofire (5.4.1)
  - KeychainAccess (4.2.1)
  - Kingfisher (5.15.8):
    - Kingfisher/Core (= 5.15.8)
  - Kingfisher/Core (5.15.8)

DEPENDENCIES:
  - Alamofire
  - KeychainAccess
  - Kingfisher

SPEC REPOS:
  trunk:
    - Alamofire
    - KeychainAccess
    - Kingfisher

SPEC CHECKSUMS:
  Alamofire: 2291f7d21ca607c491dd17642e5d40fdcda0e65c
  KeychainAccess: 9b07f665298d13c3a85881bd3171f6f49b8151c1
  Kingfisher: a3c03d702433fa6cfedabb2bddbe076fb8f2e902

PODFILE CHECKSUM: d9f0a299133cf87eb7e33be0c35d44e3374e285f

COCOAPODS: 1.9.3
